// !$*UTF8*$!
{
	archiveVersion = 1;
	classes = {
	};
	objectVersion = 51;
	objects = {

/* Begin PBXBuildFile section */
		0C475B2826177DE6000D58D0 /* CameraView.swift in Sources */ = {isa = PBXBuildFile; fileRef = 0C475B2726177DE6000D58D0 /* CameraView.swift */; };
		0C475B2B26177DFF000D58D0 /* MyPhotosView.swift in Sources */ = {isa = PBXBuildFile; fileRef = 0C475B2A26177DFF000D58D0 /* MyPhotosView.swift */; };
		0C7C64412616118C000E5341 /* PFINALApp.swift in Sources */ = {isa = PBXBuildFile; fileRef = 0C7C64402616118C000E5341 /* PFINALApp.swift */; };
		0C7C64452616118E000E5341 /* Assets.xcassets in Resources */ = {isa = PBXBuildFile; fileRef = 0C7C64442616118E000E5341 /* Assets.xcassets */; };
		0C7C64482616118E000E5341 /* Preview Assets.xcassets in Resources */ = {isa = PBXBuildFile; fileRef = 0C7C64472616118E000E5341 /* Preview Assets.xcassets */; };
		0C7C646026162AEC000E5341 /* ContentView.swift in Sources */ = {isa = PBXBuildFile; fileRef = 0C7C645D26162AEC000E5341 /* ContentView.swift */; };
		0C7C646126162AEC000E5341 /* newuserView.swift in Sources */ = {isa = PBXBuildFile; fileRef = 0C7C645E26162AEC000E5341 /* newuserView.swift */; };
		0C7C646526162C20000E5341 /* LoginView.swift in Sources */ = {isa = PBXBuildFile; fileRef = 0C7C646426162C20000E5341 /* LoginView.swift */; };
		0C7C646A261632F4000E5341 /* ListView.swift in Sources */ = {isa = PBXBuildFile; fileRef = 0C7C6469261632F4000E5341 /* ListView.swift */; };
		0CF8EB01261787C900926EC5 /* ImageSelector.swift in Sources */ = {isa = PBXBuildFile; fileRef = 0CF8EB00261787C900926EC5 /* ImageSelector.swift */; };
		225EA3E2345B4842972B0BA7 /* awsconfiguration.json in Resources */ = {isa = PBXBuildFile; fileRef = B6F4A7A960DB4EFE908F651D /* awsconfiguration.json */; };
		3997005842A841228C574EB5 /* amplifyconfiguration.json in Resources */ = {isa = PBXBuildFile; fileRef = AECF35C343224B3AA006FFF8 /* amplifyconfiguration.json */; };
		C4306D24684A42BAACB5CFB6 /* Todo.swift in Sources */ = {isa = PBXBuildFile; fileRef = B6FEE9B73EF24137A0DBCA0B /* Todo.swift */; };
		F5114D17CA4E49B2A2BBDA03 /* AmplifyModels.swift in Sources */ = {isa = PBXBuildFile; fileRef = C6B1E6D115D74264B7C46E59 /* AmplifyModels.swift */; };
		F5558947E0534129873BEE18 /* Todo+Schema.swift in Sources */ = {isa = PBXBuildFile; fileRef = 5706856CF7CF49D3827F41C1 /* Todo+Schema.swift */; };
		F805E3F525F5D060C787B66E /* Pods_PFINAL.framework in Frameworks */ = {isa = PBXBuildFile; fileRef = E91DE259E221279303B34222 /* Pods_PFINAL.framework */; };
/* End PBXBuildFile section */

/* Begin PBXFileReference section */
		06960579E1804D6B8CFA876A /* amplifytools.xcconfig */ = {isa = PBXFileReference; explicitFileType = undefined; fileEncoding = 4; includeInIndex = 0; lastKnownFileType = text.xcconfig; path = amplifytools.xcconfig; sourceTree = "<group>"; };
		0C475B2726177DE6000D58D0 /* CameraView.swift */ = {isa = PBXFileReference; lastKnownFileType = sourcecode.swift; path = CameraView.swift; sourceTree = "<group>"; };
		0C475B2A26177DFF000D58D0 /* MyPhotosView.swift */ = {isa = PBXFileReference; lastKnownFileType = sourcecode.swift; path = MyPhotosView.swift; sourceTree = "<group>"; };
		0C7C643D2616118C000E5341 /* PFINAL.app */ = {isa = PBXFileReference; explicitFileType = wrapper.application; includeInIndex = 0; path = PFINAL.app; sourceTree = BUILT_PRODUCTS_DIR; };
		0C7C64402616118C000E5341 /* PFINALApp.swift */ = {isa = PBXFileReference; lastKnownFileType = sourcecode.swift; path = PFINALApp.swift; sourceTree = "<group>"; };
		0C7C64442616118E000E5341 /* Assets.xcassets */ = {isa = PBXFileReference; lastKnownFileType = folder.assetcatalog; path = Assets.xcassets; sourceTree = "<group>"; };
		0C7C64472616118E000E5341 /* Preview Assets.xcassets */ = {isa = PBXFileReference; lastKnownFileType = folder.assetcatalog; path = "Preview Assets.xcassets"; sourceTree = "<group>"; };
		0C7C64492616118E000E5341 /* Info.plist */ = {isa = PBXFileReference; lastKnownFileType = text.plist.xml; path = Info.plist; sourceTree = "<group>"; };
		0C7C645D26162AEC000E5341 /* ContentView.swift */ = {isa = PBXFileReference; fileEncoding = 4; lastKnownFileType = sourcecode.swift; path = ContentView.swift; sourceTree = "<group>"; };
		0C7C645E26162AEC000E5341 /* newuserView.swift */ = {isa = PBXFileReference; fileEncoding = 4; lastKnownFileType = sourcecode.swift; path = newuserView.swift; sourceTree = "<group>"; };
		0C7C646426162C20000E5341 /* LoginView.swift */ = {isa = PBXFileReference; lastKnownFileType = sourcecode.swift; path = LoginView.swift; sourceTree = "<group>"; };
		0C7C6469261632F4000E5341 /* ListView.swift */ = {isa = PBXFileReference; lastKnownFileType = sourcecode.swift; path = ListView.swift; sourceTree = "<group>"; };
		0CF8EB00261787C900926EC5 /* ImageSelector.swift */ = {isa = PBXFileReference; lastKnownFileType = sourcecode.swift; path = ImageSelector.swift; sourceTree = "<group>"; };
		3F93D0E3D70C1F1DA7E852C7 /* Pods-PFINAL.debug.xcconfig */ = {isa = PBXFileReference; includeInIndex = 1; lastKnownFileType = text.xcconfig; name = "Pods-PFINAL.debug.xcconfig"; path = "Target Support Files/Pods-PFINAL/Pods-PFINAL.debug.xcconfig"; sourceTree = "<group>"; };
		4ADED9CCEB0949FAB48E88E0 /* schema.graphql */ = {isa = PBXFileReference; explicitFileType = undefined; fileEncoding = 4; includeInIndex = 0; lastKnownFileType = text; name = schema.graphql; path = amplify/backend/api/pfinal/schema.graphql; sourceTree = "<group>"; };
		5706856CF7CF49D3827F41C1 /* Todo+Schema.swift */ = {isa = PBXFileReference; explicitFileType = undefined; fileEncoding = 4; includeInIndex = 0; lastKnownFileType = sourcecode.swift; name = "Todo+Schema.swift"; path = "amplify/generated/models/Todo+Schema.swift"; sourceTree = "<group>"; };
		AECF35C343224B3AA006FFF8 /* amplifyconfiguration.json */ = {isa = PBXFileReference; explicitFileType = undefined; fileEncoding = 9; includeInIndex = 0; lastKnownFileType = unknown; path = amplifyconfiguration.json; sourceTree = "<group>"; };
		B6F4A7A960DB4EFE908F651D /* awsconfiguration.json */ = {isa = PBXFileReference; explicitFileType = undefined; fileEncoding = 9; includeInIndex = 0; lastKnownFileType = unknown; path = awsconfiguration.json; sourceTree = "<group>"; };
		B6FEE9B73EF24137A0DBCA0B /* Todo.swift */ = {isa = PBXFileReference; explicitFileType = undefined; fileEncoding = 4; includeInIndex = 0; lastKnownFileType = sourcecode.swift; name = Todo.swift; path = amplify/generated/models/Todo.swift; sourceTree = "<group>"; };
		C6B1E6D115D74264B7C46E59 /* AmplifyModels.swift */ = {isa = PBXFileReference; explicitFileType = undefined; fileEncoding = 4; includeInIndex = 0; lastKnownFileType = sourcecode.swift; name = AmplifyModels.swift; path = amplify/generated/models/AmplifyModels.swift; sourceTree = "<group>"; };
		D39289A4C2BF2C8479110C6D /* Pods-PFINAL.release.xcconfig */ = {isa = PBXFileReference; includeInIndex = 1; lastKnownFileType = text.xcconfig; name = "Pods-PFINAL.release.xcconfig"; path = "Target Support Files/Pods-PFINAL/Pods-PFINAL.release.xcconfig"; sourceTree = "<group>"; };
		E91DE259E221279303B34222 /* Pods_PFINAL.framework */ = {isa = PBXFileReference; explicitFileType = wrapper.framework; includeInIndex = 0; path = Pods_PFINAL.framework; sourceTree = BUILT_PRODUCTS_DIR; };
/* End PBXFileReference section */

/* Begin PBXFrameworksBuildPhase section */
		0C7C643A2616118C000E5341 /* Frameworks */ = {
			isa = PBXFrameworksBuildPhase;
			buildActionMask = 2147483647;
			files = (
				F805E3F525F5D060C787B66E /* Pods_PFINAL.framework in Frameworks */,
			);
			runOnlyForDeploymentPostprocessing = 0;
		};
/* End PBXFrameworksBuildPhase section */

/* Begin PBXGroup section */
		0C7C64342616118C000E5341 = {
			isa = PBXGroup;
			children = (
				5D19A18E5E934AC4BC6C8165 /* AmplifyModels */,
				9E287FD33E34400AB05F339F /* AmplifyConfig */,
				0C7C643F2616118C000E5341 /* PFINAL */,
				0C7C643E2616118C000E5341 /* Products */,
				916A7E8CD55E953C44796A0F /* Pods */,
				526A85F620C67E17787148A8 /* Frameworks */,
			);
			sourceTree = "<group>";
		};
		0C7C643E2616118C000E5341 /* Products */ = {
			isa = PBXGroup;
			children = (
				0C7C643D2616118C000E5341 /* PFINAL.app */,
			);
			name = Products;
			sourceTree = "<group>";
		};
		0C7C643F2616118C000E5341 /* PFINAL */ = {
			isa = PBXGroup;
			children = (
				0CECFF4626163B0200F49047 /* ViewModels */,
				0C7C646326162BDC000E5341 /* Views */,
				0C7C64402616118C000E5341 /* PFINALApp.swift */,
				0C7C64442616118E000E5341 /* Assets.xcassets */,
				0C7C64492616118E000E5341 /* Info.plist */,
				0C7C64462616118E000E5341 /* Preview Content */,
			);
			path = PFINAL;
			sourceTree = "<group>";
		};
		0C7C64462616118E000E5341 /* Preview Content */ = {
			isa = PBXGroup;
			children = (
				0C7C64472616118E000E5341 /* Preview Assets.xcassets */,
			);
			path = "Preview Content";
			sourceTree = "<group>";
		};
		0C7C646326162BDC000E5341 /* Views */ = {
			isa = PBXGroup;
			children = (
				0C7C645E26162AEC000E5341 /* newuserView.swift */,
				0C7C645D26162AEC000E5341 /* ContentView.swift */,
				0C7C6469261632F4000E5341 /* ListView.swift */,
				0C475B2726177DE6000D58D0 /* CameraView.swift */,
				0CF8EB00261787C900926EC5 /* ImageSelector.swift */,
				0C475B2A26177DFF000D58D0 /* MyPhotosView.swift */,
				0C7C646426162C20000E5341 /* LoginView.swift */,
			);
			path = Views;
			sourceTree = "<group>";
		};
		0CECFF4626163B0200F49047 /* ViewModels */ = {
			isa = PBXGroup;
			children = (
			);
			path = ViewModels;
			sourceTree = "<group>";
		};
		526A85F620C67E17787148A8 /* Frameworks */ = {
			isa = PBXGroup;
			children = (
				E91DE259E221279303B34222 /* Pods_PFINAL.framework */,
			);
			name = Frameworks;
			sourceTree = "<group>";
		};
		5D19A18E5E934AC4BC6C8165 /* AmplifyModels */ = {
			isa = PBXGroup;
			children = (
				C6B1E6D115D74264B7C46E59 /* AmplifyModels.swift */,
				B6FEE9B73EF24137A0DBCA0B /* Todo.swift */,
				5706856CF7CF49D3827F41C1 /* Todo+Schema.swift */,
			);
			name = AmplifyModels;
			path = .;
			sourceTree = "<group>";
		};
		916A7E8CD55E953C44796A0F /* Pods */ = {
			isa = PBXGroup;
			children = (
				3F93D0E3D70C1F1DA7E852C7 /* Pods-PFINAL.debug.xcconfig */,
				D39289A4C2BF2C8479110C6D /* Pods-PFINAL.release.xcconfig */,
			);
			path = Pods;
			sourceTree = "<group>";
		};
		9E287FD33E34400AB05F339F /* AmplifyConfig */ = {
			isa = PBXGroup;
			children = (
				06960579E1804D6B8CFA876A /* amplifytools.xcconfig */,
				AECF35C343224B3AA006FFF8 /* amplifyconfiguration.json */,
				B6F4A7A960DB4EFE908F651D /* awsconfiguration.json */,
				4ADED9CCEB0949FAB48E88E0 /* schema.graphql */,
			);
			name = AmplifyConfig;
			path = .;
			sourceTree = "<group>";
		};
/* End PBXGroup section */

/* Begin PBXNativeTarget section */
		0C7C643C2616118C000E5341 /* PFINAL */ = {
			isa = PBXNativeTarget;
			buildConfigurationList = 0C7C644C2616118E000E5341 /* Build configuration list for PBXNativeTarget "PFINAL" */;
			buildPhases = (
				81675655C339664AF8B76562 /* [CP] Check Pods Manifest.lock */,
				0C7C64392616118C000E5341 /* Sources */,
				0C7C643A2616118C000E5341 /* Frameworks */,
				0C7C643B2616118C000E5341 /* Resources */,
				AC7ADA111AD7CC42E9CDAE97 /* [CP] Embed Pods Frameworks */,
			);
			buildRules = (
			);
			dependencies = (
			);
			name = PFINAL;
			productName = PFINAL;
			productReference = 0C7C643D2616118C000E5341 /* PFINAL.app */;
			productType = "com.apple.product-type.application";
		};
/* End PBXNativeTarget section */

/* Begin PBXProject section */
		0C7C64352616118C000E5341 /* Project object */ = {
			isa = PBXProject;
			attributes = {
				LastSwiftUpdateCheck = 1240;
				LastUpgradeCheck = 1240;
				TargetAttributes = {
					0C7C643C2616118C000E5341 = {
						CreatedOnToolsVersion = 12.4;
					};
				};
			};
			buildConfigurationList = 0C7C64382616118C000E5341 /* Build configuration list for PBXProject "PFINAL" */;
			compatibilityVersion = "Xcode 9.3";
			developmentRegion = en;
			hasScannedForEncodings = 0;
			knownRegions = (
				en,
				Base,
			);
			mainGroup = 0C7C64342616118C000E5341;
			productRefGroup = 0C7C643E2616118C000E5341 /* Products */;
			projectDirPath = "";
			projectRoot = "";
			targets = (
				0C7C643C2616118C000E5341 /* PFINAL */,
			);
		};
/* End PBXProject section */

/* Begin PBXResourcesBuildPhase section */
		0C7C643B2616118C000E5341 /* Resources */ = {
			isa = PBXResourcesBuildPhase;
			buildActionMask = 2147483647;
			files = (
				0C7C64482616118E000E5341 /* Preview Assets.xcassets in Resources */,
				0C7C64452616118E000E5341 /* Assets.xcassets in Resources */,
				3997005842A841228C574EB5 /* amplifyconfiguration.json in Resources */,
				225EA3E2345B4842972B0BA7 /* awsconfiguration.json in Resources */,
			);
			runOnlyForDeploymentPostprocessing = 0;
		};
/* End PBXResourcesBuildPhase section */

/* Begin PBXShellScriptBuildPhase section */
		81675655C339664AF8B76562 /* [CP] Check Pods Manifest.lock */ = {
			isa = PBXShellScriptBuildPhase;
			buildActionMask = 2147483647;
			files = (
			);
			inputFileListPaths = (
			);
			inputPaths = (
				"${PODS_PODFILE_DIR_PATH}/Podfile.lock",
				"${PODS_ROOT}/Manifest.lock",
			);
			name = "[CP] Check Pods Manifest.lock";
			outputFileListPaths = (
			);
			outputPaths = (
				"$(DERIVED_FILE_DIR)/Pods-PFINAL-checkManifestLockResult.txt",
			);
			runOnlyForDeploymentPostprocessing = 0;
			shellPath = /bin/sh;
			shellScript = "diff \"${PODS_PODFILE_DIR_PATH}/Podfile.lock\" \"${PODS_ROOT}/Manifest.lock\" > /dev/null\nif [ $? != 0 ] ; then\n    # print error to STDERR\n    echo \"error: The sandbox is not in sync with the Podfile.lock. Run 'pod install' or update your CocoaPods installation.\" >&2\n    exit 1\nfi\n# This output is used by Xcode 'outputs' to avoid re-running this script phase.\necho \"SUCCESS\" > \"${SCRIPT_OUTPUT_FILE_0}\"\n";
			showEnvVarsInLog = 0;
		};
		AC7ADA111AD7CC42E9CDAE97 /* [CP] Embed Pods Frameworks */ = {
			isa = PBXShellScriptBuildPhase;
			buildActionMask = 2147483647;
			files = (
			);
			inputFileListPaths = (
				"${PODS_ROOT}/Target Support Files/Pods-PFINAL/Pods-PFINAL-frameworks-${CONFIGURATION}-input-files.xcfilelist",
			);
			name = "[CP] Embed Pods Frameworks";
			outputFileListPaths = (
				"${PODS_ROOT}/Target Support Files/Pods-PFINAL/Pods-PFINAL-frameworks-${CONFIGURATION}-output-files.xcfilelist",
			);
			runOnlyForDeploymentPostprocessing = 0;
			shellPath = /bin/sh;
			shellScript = "\"${PODS_ROOT}/Target Support Files/Pods-PFINAL/Pods-PFINAL-frameworks.sh\"\n";
			showEnvVarsInLog = 0;
		};
/* End PBXShellScriptBuildPhase section */

/* Begin PBXSourcesBuildPhase section */
		0C7C64392616118C000E5341 /* Sources */ = {
			isa = PBXSourcesBuildPhase;
			buildActionMask = 2147483647;
			files = (
				0C7C646126162AEC000E5341 /* newuserView.swift in Sources */,
				0C7C64412616118C000E5341 /* PFINALApp.swift in Sources */,
				0C7C646A261632F4000E5341 /* ListView.swift in Sources */,
				0C475B2826177DE6000D58D0 /* CameraView.swift in Sources */,
				0C7C646526162C20000E5341 /* LoginView.swift in Sources */,
				0C7C646026162AEC000E5341 /* ContentView.swift in Sources */,
				F5114D17CA4E49B2A2BBDA03 /* AmplifyModels.swift in Sources */,
				0CF8EB01261787C900926EC5 /* ImageSelector.swift in Sources */,
				C4306D24684A42BAACB5CFB6 /* Todo.swift in Sources */,
				0C475B2B26177DFF000D58D0 /* MyPhotosView.swift in Sources */,
				F5558947E0534129873BEE18 /* Todo+Schema.swift in Sources */,
			);
			runOnlyForDeploymentPostprocessing = 0;
		};
/* End PBXSourcesBuildPhase section */

/* Begin XCBuildConfiguration section */
		0C7C644A2616118E000E5341 /* Debug */ = {
			isa = XCBuildConfiguration;
			buildSettings = {
				ALWAYS_SEARCH_USER_PATHS = NO;
				CLANG_ANALYZER_NONNULL = YES;
				CLANG_ANALYZER_NUMBER_OBJECT_CONVERSION = YES_AGGRESSIVE;
				CLANG_CXX_LANGUAGE_STANDARD = "gnu++14";
				CLANG_CXX_LIBRARY = "libc++";
				CLANG_ENABLE_MODULES = YES;
				CLANG_ENABLE_OBJC_ARC = YES;
				CLANG_ENABLE_OBJC_WEAK = YES;
				CLANG_WARN_BLOCK_CAPTURE_AUTORELEASING = YES;
				CLANG_WARN_BOOL_CONVERSION = YES;
				CLANG_WARN_COMMA = YES;
				CLANG_WARN_CONSTANT_CONVERSION = YES;
				CLANG_WARN_DEPRECATED_OBJC_IMPLEMENTATIONS = YES;
				CLANG_WARN_DIRECT_OBJC_ISA_USAGE = YES_ERROR;
				CLANG_WARN_DOCUMENTATION_COMMENTS = YES;
				CLANG_WARN_EMPTY_BODY = YES;
				CLANG_WARN_ENUM_CONVERSION = YES;
				CLANG_WARN_INFINITE_RECURSION = YES;
				CLANG_WARN_INT_CONVERSION = YES;
				CLANG_WARN_NON_LITERAL_NULL_CONVERSION = YES;
				CLANG_WARN_OBJC_IMPLICIT_RETAIN_SELF = YES;
				CLANG_WARN_OBJC_LITERAL_CONVERSION = YES;
				CLANG_WARN_OBJC_ROOT_CLASS = YES_ERROR;
				CLANG_WARN_QUOTED_INCLUDE_IN_FRAMEWORK_HEADER = YES;
				CLANG_WARN_RANGE_LOOP_ANALYSIS = YES;
				CLANG_WARN_STRICT_PROTOTYPES = YES;
				CLANG_WARN_SUSPICIOUS_MOVE = YES;
				CLANG_WARN_UNGUARDED_AVAILABILITY = YES_AGGRESSIVE;
				CLANG_WARN_UNREACHABLE_CODE = YES;
				CLANG_WARN__DUPLICATE_METHOD_MATCH = YES;
				COPY_PHASE_STRIP = NO;
				DEBUG_INFORMATION_FORMAT = dwarf;
				ENABLE_STRICT_OBJC_MSGSEND = YES;
				ENABLE_TESTABILITY = YES;
				GCC_C_LANGUAGE_STANDARD = gnu11;
				GCC_DYNAMIC_NO_PIC = NO;
				GCC_NO_COMMON_BLOCKS = YES;
				GCC_OPTIMIZATION_LEVEL = 0;
				GCC_PREPROCESSOR_DEFINITIONS = (
					"DEBUG=1",
					"$(inherited)",
				);
				GCC_WARN_64_TO_32_BIT_CONVERSION = YES;
				GCC_WARN_ABOUT_RETURN_TYPE = YES_ERROR;
				GCC_WARN_UNDECLARED_SELECTOR = YES;
				GCC_WARN_UNINITIALIZED_AUTOS = YES_AGGRESSIVE;
				GCC_WARN_UNUSED_FUNCTION = YES;
				GCC_WARN_UNUSED_VARIABLE = YES;
				IPHONEOS_DEPLOYMENT_TARGET = 14.4;
				MTL_ENABLE_DEBUG_INFO = INCLUDE_SOURCE;
				MTL_FAST_MATH = YES;
				ONLY_ACTIVE_ARCH = YES;
				SDKROOT = iphoneos;
				SWIFT_ACTIVE_COMPILATION_CONDITIONS = DEBUG;
				SWIFT_OPTIMIZATION_LEVEL = "-Onone";
			};
			name = Debug;
		};
		0C7C644B2616118E000E5341 /* Release */ = {
			isa = XCBuildConfiguration;
			buildSettings = {
				ALWAYS_SEARCH_USER_PATHS = NO;
				CLANG_ANALYZER_NONNULL = YES;
				CLANG_ANALYZER_NUMBER_OBJECT_CONVERSION = YES_AGGRESSIVE;
				CLANG_CXX_LANGUAGE_STANDARD = "gnu++14";
				CLANG_CXX_LIBRARY = "libc++";
				CLANG_ENABLE_MODULES = YES;
				CLANG_ENABLE_OBJC_ARC = YES;
				CLANG_ENABLE_OBJC_WEAK = YES;
				CLANG_WARN_BLOCK_CAPTURE_AUTORELEASING = YES;
				CLANG_WARN_BOOL_CONVERSION = YES;
				CLANG_WARN_COMMA = YES;
				CLANG_WARN_CONSTANT_CONVERSION = YES;
				CLANG_WARN_DEPRECATED_OBJC_IMPLEMENTATIONS = YES;
				CLANG_WARN_DIRECT_OBJC_ISA_USAGE = YES_ERROR;
				CLANG_WARN_DOCUMENTATION_COMMENTS = YES;
				CLANG_WARN_EMPTY_BODY = YES;
				CLANG_WARN_ENUM_CONVERSION = YES;
				CLANG_WARN_INFINITE_RECURSION = YES;
				CLANG_WARN_INT_CONVERSION = YES;
				CLANG_WARN_NON_LITERAL_NULL_CONVERSION = YES;
				CLANG_WARN_OBJC_IMPLICIT_RETAIN_SELF = YES;
				CLANG_WARN_OBJC_LITERAL_CONVERSION = YES;
				CLANG_WARN_OBJC_ROOT_CLASS = YES_ERROR;
				CLANG_WARN_QUOTED_INCLUDE_IN_FRAMEWORK_HEADER = YES;
				CLANG_WARN_RANGE_LOOP_ANALYSIS = YES;
				CLANG_WARN_STRICT_PROTOTYPES = YES;
				CLANG_WARN_SUSPICIOUS_MOVE = YES;
				CLANG_WARN_UNGUARDED_AVAILABILITY = YES_AGGRESSIVE;
				CLANG_WARN_UNREACHABLE_CODE = YES;
				CLANG_WARN__DUPLICATE_METHOD_MATCH = YES;
				COPY_PHASE_STRIP = NO;
				DEBUG_INFORMATION_FORMAT = "dwarf-with-dsym";
				ENABLE_NS_ASSERTIONS = NO;
				ENABLE_STRICT_OBJC_MSGSEND = YES;
				GCC_C_LANGUAGE_STANDARD = gnu11;
				GCC_NO_COMMON_BLOCKS = YES;
				GCC_WARN_64_TO_32_BIT_CONVERSION = YES;
				GCC_WARN_ABOUT_RETURN_TYPE = YES_ERROR;
				GCC_WARN_UNDECLARED_SELECTOR = YES;
				GCC_WARN_UNINITIALIZED_AUTOS = YES_AGGRESSIVE;
				GCC_WARN_UNUSED_FUNCTION = YES;
				GCC_WARN_UNUSED_VARIABLE = YES;
				IPHONEOS_DEPLOYMENT_TARGET = 14.4;
				MTL_ENABLE_DEBUG_INFO = NO;
				MTL_FAST_MATH = YES;
				SDKROOT = iphoneos;
				SWIFT_COMPILATION_MODE = wholemodule;
				SWIFT_OPTIMIZATION_LEVEL = "-O";
				VALIDATE_PRODUCT = YES;
			};
			name = Release;
		};
		0C7C644D2616118E000E5341 /* Debug */ = {
			isa = XCBuildConfiguration;
			baseConfigurationReference = 3F93D0E3D70C1F1DA7E852C7 /* Pods-PFINAL.debug.xcconfig */;
			buildSettings = {
				ASSETCATALOG_COMPILER_APPICON_NAME = AppIcon;
				ASSETCATALOG_COMPILER_GLOBAL_ACCENT_COLOR_NAME = AccentColor;
				CODE_SIGN_STYLE = Automatic;
				DEVELOPMENT_ASSET_PATHS = "\"PFINAL/Preview Content\"";
				DEVELOPMENT_TEAM = 8M96278246;
				ENABLE_PREVIEWS = YES;
				INFOPLIST_FILE = PFINAL/Info.plist;
				IPHONEOS_DEPLOYMENT_TARGET = 14.0;
				LD_RUNPATH_SEARCH_PATHS = (
					"$(inherited)",
					"@executable_path/Frameworks",
				);
				PRODUCT_BUNDLE_IDENTIFIER = cursoIOS.PFINAL;
				PRODUCT_NAME = "$(TARGET_NAME)";
				SWIFT_VERSION = 5.0;
				TARGETED_DEVICE_FAMILY = "1,2";
			};
			name = Debug;
		};
		0C7C644E2616118E000E5341 /* Release */ = {
			isa = XCBuildConfiguration;
			baseConfigurationReference = D39289A4C2BF2C8479110C6D /* Pods-PFINAL.release.xcconfig */;
			buildSettings = {
				ASSETCATALOG_COMPILER_APPICON_NAME = AppIcon;
				ASSETCATALOG_COMPILER_GLOBAL_ACCENT_COLOR_NAME = AccentColor;
				CODE_SIGN_STYLE = Automatic;
				DEVELOPMENT_ASSET_PATHS = "\"PFINAL/Preview Content\"";
				DEVELOPMENT_TEAM = 8M96278246;
				ENABLE_PREVIEWS = YES;
				INFOPLIST_FILE = PFINAL/Info.plist;
				IPHONEOS_DEPLOYMENT_TARGET = 14.0;
				LD_RUNPATH_SEARCH_PATHS = (
					"$(inherited)",
					"@executable_path/Frameworks",
				);
				PRODUCT_BUNDLE_IDENTIFIER = cursoIOS.PFINAL;
				PRODUCT_NAME = "$(TARGET_NAME)";
				SWIFT_VERSION = 5.0;
				TARGETED_DEVICE_FAMILY = "1,2";
			};
			name = Release;
		};
/* End XCBuildConfiguration section */

/* Begin XCConfigurationList section */
		0C7C64382616118C000E5341 /* Build configuration list for PBXProject "PFINAL" */ = {
			isa = XCConfigurationList;
			buildConfigurations = (
				0C7C644A2616118E000E5341 /* Debug */,
				0C7C644B2616118E000E5341 /* Release */,
			);
			defaultConfigurationIsVisible = 0;
			defaultConfigurationName = Release;
		};
		0C7C644C2616118E000E5341 /* Build configuration list for PBXNativeTarget "PFINAL" */ = {
			isa = XCConfigurationList;
			buildConfigurations = (
				0C7C644D2616118E000E5341 /* Debug */,
				0C7C644E2616118E000E5341 /* Release */,
			);
			defaultConfigurationIsVisible = 0;
			defaultConfigurationName = Release;
		};
/* End XCConfigurationList section */
	};
	rootObject = 0C7C64352616118C000E5341 /* Project object */;
}
